
Microsoft Visual Studio Solution File, Format Version 12.00
# Visual Studio Version 16
VisualStudioVersion = 16.0.29521.150
MinimumVisualStudioVersion = 10.0.40219.1
Project("{FAE04EC0-301F-11D3-BF4B-00C04F79EFBC}") = "Olo", "Olo\Olo.csproj", "{B63546E5-9326-4F19-8C81-9F61652F7B8C}"
EndProject
Global
	GlobalSection(SolutionConfigurationPlatforms) = preSolution
		Debug|Any CPU = Debug|Any CPU
		Release|Any CPU = Release|Any CPU
	EndGlobalSection
	GlobalSection(ProjectConfigurationPlatforms) = postSolution
		{B63546E5-9326-4F19-8C81-9F61652F7B8C}.Debug|Any CPU.ActiveCfg = Debug|Any CPU
		{B63546E5-9326-4F19-8C81-9F61652F7B8C}.Debug|Any CPU.Build.0 = Debug|Any CPU
		{B63546E5-9326-4F19-8C81-9F61652F7B8C}.Release|Any CPU.ActiveCfg = Release|Any CPU
		{B63546E5-9326-4F19-8C81-9F61652F7B8C}.Release|Any CPU.Build.0 = Release|Any CPU
	EndGlobalSection
	GlobalSection(SolutionProperties) = preSolution
		HideSolutionNode = FALSE
	EndGlobalSection
	GlobalSection(ExtensibilityGlobals) = postSolution
		SolutionGuid = {CFCB4662-8961-4167-9C7A-022A695F0191}
	EndGlobalSection
EndGlobal
